
Microsoft Visual Studio Solution File, Format Version 12.00
# Visual Studio Version 17
VisualStudioVersion = 17.0.32112.339
MinimumVisualStudioVersion = 10.0.40219.1
Project("{FAE04EC0-301F-11D3-BF4B-00C04F79EFBC}") = "TaskTwo", "TaskTwo\TaskTwo.csproj", "{2C90EC11-BBE0-4162-948A-7688C0ADCE29}"
EndProject
Global
	GlobalSection(SolutionConfigurationPlatforms) = preSolution
		Debug|Any CPU = Debug|Any CPU
		Release|Any CPU = Release|Any CPU
	EndGlobalSection
	GlobalSection(ProjectConfigurationPlatforms) = postSolution
		{2C90EC11-BBE0-4162-948A-7688C0ADCE29}.Debug|Any CPU.ActiveCfg = Debug|Any CPU
		{2C90EC11-BBE0-4162-948A-7688C0ADCE29}.Debug|Any CPU.Build.0 = Debug|Any CPU
		{2C90EC11-BBE0-4162-948A-7688C0ADCE29}.Debug|Any CPU.Deploy.0 = Debug|Any CPU
		{2C90EC11-BBE0-4162-948A-7688C0ADCE29}.Release|Any CPU.ActiveCfg = Release|Any CPU
		{2C90EC11-BBE0-4162-948A-7688C0ADCE29}.Release|Any CPU.Build.0 = Release|Any CPU
		{2C90EC11-BBE0-4162-948A-7688C0ADCE29}.Release|Any CPU.Deploy.0 = Release|Any CPU
	EndGlobalSection
	GlobalSection(SolutionProperties) = preSolution
		HideSolutionNode = FALSE
	EndGlobalSection
	GlobalSection(ExtensibilityGlobals) = postSolution
		SolutionGuid = {DA6750D6-8FDF-419A-B24A-0FE361144704}
	EndGlobalSection
EndGlobal
